#MicroXplorer Configuration settings - do not modify
File.Version=6
KeepUserPlacement=true
Mcu.Family=STM32F3
Mcu.IP0=NVIC
Mcu.IP1=RCC
Mcu.IP2=SPI1
Mcu.IP3=SYS
Mcu.IP4=USART2
Mcu.IPNb=5
Mcu.Name=STM32F303K(6-8)Tx
Mcu.Package=LQFP32
Mcu.Pin0=PF0 / OSC_IN
Mcu.Pin1=PA2
Mcu.Pin10=PA15
Mcu.Pin11=PB3
Mcu.Pin12=VP_SYS_VS_Systick
Mcu.Pin13=VP_STMicroelectronics.X-CUBE-BLE1_VS_WirelessJjBlueNRGAaMS_4.4.0
Mcu.Pin14=VP_STMicroelectronics.X-CUBE-BLE1_VS_WirelessJjApplication_4.4.0
Mcu.Pin2=PA3
Mcu.Pin3=PA4
Mcu.Pin4=PA5
Mcu.Pin5=PA6
Mcu.Pin6=PA7
Mcu.Pin7=PB0
Mcu.Pin8=PA13
Mcu.Pin9=PA14
Mcu.PinsNb=15
Mcu.ThirdParty0=STMicroelectronics.X-CUBE-BLE1.4.4.0
Mcu.ThirdPartyNb=1
Mcu.UserConstants=
Mcu.UserName=STM32F303K8Tx
MxCube.Version=5.2.1
MxDb.Version=DB.5.0.21
NVIC.BusFault_IRQn=true\:0\:0\:false\:false\:true\:false\:false
NVIC.DebugMonitor_IRQn=true\:0\:0\:false\:false\:true\:false\:false
NVIC.HardFault_IRQn=true\:0\:0\:false\:false\:true\:false\:false
NVIC.MemoryManagement_IRQn=true\:0\:0\:false\:false\:true\:false\:false
NVIC.NonMaskableInt_IRQn=true\:0\:0\:false\:false\:true\:false\:false
NVIC.PendSV_IRQn=true\:0\:0\:false\:false\:true\:false\:false
NVIC.PriorityGroup=NVIC_PRIORITYGROUP_4
NVIC.SVCall_IRQn=true\:0\:0\:false\:false\:true\:false\:false
NVIC.SysTick_IRQn=true\:0\:0\:false\:false\:true\:true\:true
NVIC.UsageFault_IRQn=true\:0\:0\:false\:false\:true\:false\:false
PA13.GPIOParameters=GPIO_Label
PA13.GPIO_Label=SWDIO
PA13.Locked=true
PA13.Mode=Serial_Wire
PA13.Signal=SYS_JTMS-SWDIO
PA14.GPIOParameters=GPIO_Label
PA14.GPIO_Label=SWCLK
PA14.Locked=true
PA14.Mode=Serial_Wire
PA14.Signal=SYS_JTCK-SWCLK
PA15.GPIOParameters=GPIO_Label
PA15.GPIO_Label=VCP_RX
PA15.Locked=true
PA15.Mode=Asynchronous
PA15.Signal=USART2_RX
PA2.GPIOParameters=GPIO_Label
PA2.GPIO_Label=VCP_TX
PA2.Locked=true
PA2.Mode=Asynchronous
PA2.Signal=USART2_TX
PA3.Locked=true
PA3.Signal=GPIO_Output
PA4.Locked=true
PA4.Signal=GPIO_Output
PA5.Mode=Full_Duplex_Master
PA5.Signal=SPI1_SCK
PA6.Mode=Full_Duplex_Master
PA6.Signal=SPI1_MISO
PA7.Mode=Full_Duplex_Master
PA7.Signal=SPI1_MOSI
PB0.Locked=true
PB0.Signal=GPXTI0
PB3.GPIOParameters=GPIO_Label
PB3.GPIO_Label=LD3 [Green]
PB3.Locked=true
PB3.Signal=GPIO_Output
PCC.Checker=false
PCC.Line=STM32F303
PCC.MCU=STM32F303K(6-8)Tx
PCC.PartNumber=STM32F303K8Tx
PCC.Seq0=0
PCC.Series=STM32F3
PCC.Temperature=25
PCC.Vdd=3.6
PF0\ /\ OSC_IN.GPIOParameters=GPIO_Label
PF0\ /\ OSC_IN.GPIO_Label=MCO
PF0\ /\ OSC_IN.Locked=true
PF0\ /\ OSC_IN.Mode=HSE-External-Clock-Source
PF0\ /\ OSC_IN.Signal=RCC_OSC_IN
PinOutPanel.RotationAngle=0
ProjectManager.AskForMigrate=true
ProjectManager.BackupPrevious=false
ProjectManager.CompilerOptimize=6
ProjectManager.ComputerToolchain=false
ProjectManager.CoupleFile=false
ProjectManager.CustomerFirmwarePackage=
ProjectManager.DefaultFWLocation=true
ProjectManager.DeletePrevious=true
ProjectManager.DeviceId=STM32F303K8Tx
ProjectManager.FirmwarePackage=STM32Cube FW_F3 V1.10.0
ProjectManager.FreePins=false
ProjectManager.HalAssertFull=false
ProjectManager.HeapSize=0x200
ProjectManager.KeepUserCode=true
ProjectManager.LastFirmware=true
ProjectManager.LibraryCopy=1
ProjectManager.MainLocation=Src
ProjectManager.NoMain=false
ProjectManager.PreviousToolchain=TrueSTUDIO
ProjectManager.ProjectBuild=false
ProjectManager.ProjectFileName=cmake_test.ioc
ProjectManager.ProjectName=cmake_test
ProjectManager.StackSize=0x400
ProjectManager.TargetToolchain=TrueSTUDIO
ProjectManager.ToolChainLocation=
ProjectManager.UnderRoot=true
ProjectManager.functionlistsort=1-MX_GPIO_Init-GPIO-false-HAL-true,2-SystemClock_Config-RCC-false-HAL-false,3-MX_USART2_UART_Init-USART2-false-HAL-true
RCC.AHBFreq_Value=8000000
RCC.APB1Freq_Value=8000000
RCC.APB2Freq_Value=8000000
RCC.CECFreq_Value=32786.88524590164
RCC.CortexFreq_Value=8000000
RCC.FamilyName=M
RCC.HSEPLLFreq_Value=8000000
RCC.HSE_VALUE=8000000
RCC.HSICECFreq_Value=32786.88524590164
RCC.HSIPLLFreq_Value=4000000
RCC.HSI_VALUE=8000000
RCC.I2C1Freq_Value=8000000
RCC.IPParameters=AHBFreq_Value,APB1Freq_Value,APB2Freq_Value,CECFreq_Value,CortexFreq_Value,FamilyName,HSEPLLFreq_Value,HSE_VALUE,HSICECFreq_Value,HSIPLLFreq_Value,HSI_VALUE,I2C1Freq_Value,LSI_VALUE,PLLCLKFreq_Value,PLLMCOFreq_Value,RTCFreq_Value,RTCHSEDivFreq_Value,SYSCLKFreq_VALUE,TIM2Freq_Value,TimSysFreq_Value,USART1Freq_Value,USART2Freq_Value,VCOOutput2Freq_Value
RCC.LSI_VALUE=40000
RCC.PLLCLKFreq_Value=8000000
RCC.PLLMCOFreq_Value=8000000
RCC.RTCFreq_Value=40000
RCC.RTCHSEDivFreq_Value=250000
RCC.SYSCLKFreq_VALUE=8000000
RCC.TIM2Freq_Value=8000000
RCC.TimSysFreq_Value=8000000
RCC.USART1Freq_Value=8000000
RCC.USART2Freq_Value=8000000
RCC.VCOOutput2Freq_Value=4000000
SH.GPXTI0.0=GPIO_EXTI0
SH.GPXTI0.ConfNb=1
SPI1.CalculateBaudRate=4.0 MBits/s
SPI1.DataSize=SPI_DATASIZE_8BIT
SPI1.Direction=SPI_DIRECTION_2LINES
SPI1.IPParameters=VirtualType,Mode,Direction,CalculateBaudRate,DataSize
SPI1.Mode=SPI_MODE_MASTER
SPI1.VirtualType=VM_MASTER
STMicroelectronics.X-CUBE-BLE1.4.4.0.ApplicationCcWirelessJjApplication=VirtualCOMPort
STMicroelectronics.X-CUBE-BLE1.4.4.0.BSP.number=5
STMicroelectronics.X-CUBE-BLE1.4.4.0.BlueNRGAaMSCcWirelessJjController=true
STMicroelectronics.X-CUBE-BLE1.4.4.0.BlueNRGAaMSCcWirelessJjHCIIiTL=Basic
STMicroelectronics.X-CUBE-BLE1.4.4.0.BlueNRGAaMSCcWirelessJjHCIIiTLIiINTERFACE=UserBoard
STMicroelectronics.X-CUBE-BLE1.4.4.0.BlueNRGAaMSCcWirelessJjUtils=true
STMicroelectronics.X-CUBE-BLE1.4.4.0.IPParameters=BlueNRGAaMSCcWirelessJjController,BlueNRGAaMSCcWirelessJjHCIIiTL,BlueNRGAaMSCcWirelessJjHCIIiTLIiINTERFACE,BlueNRGAaMSCcWirelessJjUtils,ApplicationCcWirelessJjApplication
STMicroelectronics.X-CUBE-BLE1.4.4.0.WirelessJjApplication.apiComponent0=Wireless\:HCI_TL
STMicroelectronics.X-CUBE-BLE1.4.4.0.WirelessJjApplication.apiComponent1=Wireless\:HCI_TL
STMicroelectronics.X-CUBE-BLE1.4.4.0.WirelessJjApplication.apiComponent2=Wireless\:HCI_TL_INTERFACE
STMicroelectronics.X-CUBE-BLE1.4.4.0.WirelessJjApplication.apiComponent3=Wireless\:HCI_TL_INTERFACE
STMicroelectronics.X-CUBE-BLE1.4.4.0.WirelessJjApplication.apiDoc0=Middlewares/ST/BlueNRG-MS/includes/hci.h
STMicroelectronics.X-CUBE-BLE1.4.4.0.WirelessJjApplication.apiDoc1=Middlewares/ST/BlueNRG-MS/doc/BlueNRG-MS_UserManual.chm
STMicroelectronics.X-CUBE-BLE1.4.4.0.WirelessJjApplication.apiDoc2=Middlewares/ST/BlueNRG-MS/hci/hci_tl_patterns/Template/hci_tl_interface.h
STMicroelectronics.X-CUBE-BLE1.4.4.0.WirelessJjApplication.apiDoc3=Middlewares/ST/BlueNRG-MS/doc/BlueNRG-MS_UserManual.chm
STMicroelectronics.X-CUBE-BLE1.4.4.0.WirelessJjApplication.cmp_version0=4.4.0
STMicroelectronics.X-CUBE-BLE1.4.4.0.WirelessJjApplication.component0=Wireless
STMicroelectronics.X-CUBE-BLE1.4.4.0.WirelessJjApplication.componentDoc0=Projects/Board_PN/Applications/Virtual_COM_Port/readme.txt
STMicroelectronics.X-CUBE-BLE1.4.4.0.WirelessJjApplication.description0=BLE sample applications for BlueNRG-MS module,Virtual_COM_Port sample application
STMicroelectronics.X-CUBE-BLE1.4.4.0.WirelessJjApplication.diagnostic0=This component should operate correctly.
STMicroelectronics.X-CUBE-BLE1.4.4.0.WirelessJjApplication.documentation0=Documentation/STMicroelectronics.X-CUBE-BLE1_GettingStarted.pdf
STMicroelectronics.X-CUBE-BLE1.4.4.0.WirelessJjApplication.group0=Application
STMicroelectronics.X-CUBE-BLE1.4.4.0.WirelessJjApplication.paramName0=ApplicationCcWirelessJjApplication
STMicroelectronics.X-CUBE-BLE1.4.4.0.WirelessJjApplication.sevirity0=none
STMicroelectronics.X-CUBE-BLE1.4.4.0.WirelessJjApplication.variant0=VirtualCOMPort
STMicroelectronics.X-CUBE-BLE1.4.4.0.WirelessJjApplication_Checked=true
STMicroelectronics.X-CUBE-BLE1.4.4.0.WirelessJjApplication_apiSize=4
STMicroelectronics.X-CUBE-BLE1.4.4.0.WirelessJjApplication_bundle=Application
STMicroelectronics.X-CUBE-BLE1.4.4.0.WirelessJjApplication_class=Wireless
STMicroelectronics.X-CUBE-BLE1.4.4.0.WirelessJjApplication_name=X-CUBE-BLE1
STMicroelectronics.X-CUBE-BLE1.4.4.0.WirelessJjApplication_size=1
STMicroelectronics.X-CUBE-BLE1.4.4.0.WirelessJjApplication_vendor=STMicroelectronics
STMicroelectronics.X-CUBE-BLE1.4.4.0.WirelessJjApplication_version=4.4.0
STMicroelectronics.X-CUBE-BLE1.4.4.0.WirelessJjBlueNRGAaMS.apiComponent0=Wireless\:HCI_TL
STMicroelectronics.X-CUBE-BLE1.4.4.0.WirelessJjBlueNRGAaMS.apiComponent1=Wireless\:HCI_TL
STMicroelectronics.X-CUBE-BLE1.4.4.0.WirelessJjBlueNRGAaMS.apiComponent2=Wireless\:HCI_TL_INTERFACE
STMicroelectronics.X-CUBE-BLE1.4.4.0.WirelessJjBlueNRGAaMS.apiComponent3=Wireless\:HCI_TL_INTERFACE
STMicroelectronics.X-CUBE-BLE1.4.4.0.WirelessJjBlueNRGAaMS.apiDoc0=Middlewares/ST/BlueNRG-MS/includes/hci.h
STMicroelectronics.X-CUBE-BLE1.4.4.0.WirelessJjBlueNRGAaMS.apiDoc1=Middlewares/ST/BlueNRG-MS/doc/BlueNRG-MS_UserManual.chm
STMicroelectronics.X-CUBE-BLE1.4.4.0.WirelessJjBlueNRGAaMS.apiDoc2=Middlewares/ST/BlueNRG-MS/hci/hci_tl_patterns/Template/hci_tl_interface.h
STMicroelectronics.X-CUBE-BLE1.4.4.0.WirelessJjBlueNRGAaMS.apiDoc3=Middlewares/ST/BlueNRG-MS/doc/BlueNRG-MS_UserManual.chm
STMicroelectronics.X-CUBE-BLE1.4.4.0.WirelessJjBlueNRGAaMS.cmp_version0=4.4.0
STMicroelectronics.X-CUBE-BLE1.4.4.0.WirelessJjBlueNRGAaMS.cmp_version1=4.4.0
STMicroelectronics.X-CUBE-BLE1.4.4.0.WirelessJjBlueNRGAaMS.cmp_version2=4.4.0
STMicroelectronics.X-CUBE-BLE1.4.4.0.WirelessJjBlueNRGAaMS.cmp_version3=4.4.0
STMicroelectronics.X-CUBE-BLE1.4.4.0.WirelessJjBlueNRGAaMS.component0=Wireless
STMicroelectronics.X-CUBE-BLE1.4.4.0.WirelessJjBlueNRGAaMS.component1=Wireless
STMicroelectronics.X-CUBE-BLE1.4.4.0.WirelessJjBlueNRGAaMS.component2=Wireless
STMicroelectronics.X-CUBE-BLE1.4.4.0.WirelessJjBlueNRGAaMS.component3=Wireless
STMicroelectronics.X-CUBE-BLE1.4.4.0.WirelessJjBlueNRGAaMS.componentDoc1=Middlewares/ST/BlueNRG-MS/doc/BlueNRG-MS_UserManual.chm
STMicroelectronics.X-CUBE-BLE1.4.4.0.WirelessJjBlueNRGAaMS.description0=Host Controller Interface (HCI)
STMicroelectronics.X-CUBE-BLE1.4.4.0.WirelessJjBlueNRGAaMS.description1=Basic HCI Transport Layer (use a basic set of already implemented APIs)
STMicroelectronics.X-CUBE-BLE1.4.4.0.WirelessJjBlueNRGAaMS.description2=HCI Transport Layer Interface based on User Board definition (use a basic set of already implemented APIs)
STMicroelectronics.X-CUBE-BLE1.4.4.0.WirelessJjBlueNRGAaMS.description3=Utilities (BLE list manager)
STMicroelectronics.X-CUBE-BLE1.4.4.0.WirelessJjBlueNRGAaMS.diagnostic0=This component should operate correctly.
STMicroelectronics.X-CUBE-BLE1.4.4.0.WirelessJjBlueNRGAaMS.diagnostic1=This component should operate correctly.
STMicroelectronics.X-CUBE-BLE1.4.4.0.WirelessJjBlueNRGAaMS.diagnostic2=This component should operate correctly.
STMicroelectronics.X-CUBE-BLE1.4.4.0.WirelessJjBlueNRGAaMS.diagnostic3=This component should operate correctly.
STMicroelectronics.X-CUBE-BLE1.4.4.0.WirelessJjBlueNRGAaMS.documentation0=Documentation/STMicroelectronics.X-CUBE-BLE1_GettingStarted.pdf
STMicroelectronics.X-CUBE-BLE1.4.4.0.WirelessJjBlueNRGAaMS.documentation1=Documentation/STMicroelectronics.X-CUBE-BLE1_GettingStarted.pdf
STMicroelectronics.X-CUBE-BLE1.4.4.0.WirelessJjBlueNRGAaMS.documentation2=Documentation/STMicroelectronics.X-CUBE-BLE1_GettingStarted.pdf
STMicroelectronics.X-CUBE-BLE1.4.4.0.WirelessJjBlueNRGAaMS.documentation3=Documentation/STMicroelectronics.X-CUBE-BLE1_GettingStarted.pdf
STMicroelectronics.X-CUBE-BLE1.4.4.0.WirelessJjBlueNRGAaMS.group0=Controller
STMicroelectronics.X-CUBE-BLE1.4.4.0.WirelessJjBlueNRGAaMS.group1=HCI_TL
STMicroelectronics.X-CUBE-BLE1.4.4.0.WirelessJjBlueNRGAaMS.group2=HCI_TL_INTERFACE
STMicroelectronics.X-CUBE-BLE1.4.4.0.WirelessJjBlueNRGAaMS.group3=Utils
STMicroelectronics.X-CUBE-BLE1.4.4.0.WirelessJjBlueNRGAaMS.paramName0=BlueNRGAaMSCcWirelessJjController
STMicroelectronics.X-CUBE-BLE1.4.4.0.WirelessJjBlueNRGAaMS.paramName1=BlueNRGAaMSCcWirelessJjHCIIiTL
STMicroelectronics.X-CUBE-BLE1.4.4.0.WirelessJjBlueNRGAaMS.paramName2=BlueNRGAaMSCcWirelessJjHCIIiTLIiINTERFACE
STMicroelectronics.X-CUBE-BLE1.4.4.0.WirelessJjBlueNRGAaMS.paramName3=BlueNRGAaMSCcWirelessJjUtils
STMicroelectronics.X-CUBE-BLE1.4.4.0.WirelessJjBlueNRGAaMS.sevirity0=none
STMicroelectronics.X-CUBE-BLE1.4.4.0.WirelessJjBlueNRGAaMS.sevirity1=none
STMicroelectronics.X-CUBE-BLE1.4.4.0.WirelessJjBlueNRGAaMS.sevirity2=none
STMicroelectronics.X-CUBE-BLE1.4.4.0.WirelessJjBlueNRGAaMS.sevirity3=none
STMicroelectronics.X-CUBE-BLE1.4.4.0.WirelessJjBlueNRGAaMS.variant1=Basic
STMicroelectronics.X-CUBE-BLE1.4.4.0.WirelessJjBlueNRGAaMS.variant2=UserBoard
STMicroelectronics.X-CUBE-BLE1.4.4.0.WirelessJjBlueNRGAaMS_Checked=true
STMicroelectronics.X-CUBE-BLE1.4.4.0.WirelessJjBlueNRGAaMS_apiSize=4
STMicroelectronics.X-CUBE-BLE1.4.4.0.WirelessJjBlueNRGAaMS_bundle=BlueNRG-MS
STMicroelectronics.X-CUBE-BLE1.4.4.0.WirelessJjBlueNRGAaMS_class=Wireless
STMicroelectronics.X-CUBE-BLE1.4.4.0.WirelessJjBlueNRGAaMS_name=X-CUBE-BLE1
STMicroelectronics.X-CUBE-BLE1.4.4.0.WirelessJjBlueNRGAaMS_size=4
STMicroelectronics.X-CUBE-BLE1.4.4.0.WirelessJjBlueNRGAaMS_vendor=STMicroelectronics
STMicroelectronics.X-CUBE-BLE1.4.4.0.WirelessJjBlueNRGAaMS_version=4.4.0
STMicroelectronics.X-CUBE-BLE1.4.4.00.BSP.STBoard=false
STMicroelectronics.X-CUBE-BLE1.4.4.00.BSP.api=HAL_EXTI_DRIVER
STMicroelectronics.X-CUBE-BLE1.4.4.00.BSP.component=
STMicroelectronics.X-CUBE-BLE1.4.4.00.BSP.condition=SEMWirelessJjHCIIiTLIiINTERFACEJjUserBoard
STMicroelectronics.X-CUBE-BLE1.4.4.00.BSP.i2caddr=0
STMicroelectronics.X-CUBE-BLE1.4.4.00.BSP.i2creg=
STMicroelectronics.X-CUBE-BLE1.4.4.00.BSP.instance=PB0
STMicroelectronics.X-CUBE-BLE1.4.4.00.BSP.ip=GPIO
STMicroelectronics.X-CUBE-BLE1.4.4.00.BSP.mode=EXTI
STMicroelectronics.X-CUBE-BLE1.4.4.00.BSP.name=Exti Line
STMicroelectronics.X-CUBE-BLE1.4.4.00.BSP.semaphore=
STMicroelectronics.X-CUBE-BLE1.4.4.00.BSP.solution=PB0
STMicroelectronics.X-CUBE-BLE1.4.4.01.BSP.STBoard=false
STMicroelectronics.X-CUBE-BLE1.4.4.01.BSP.api=BSP_COMMON_DRIVER
STMicroelectronics.X-CUBE-BLE1.4.4.01.BSP.component=
STMicroelectronics.X-CUBE-BLE1.4.4.01.BSP.condition=SEMWirelessJjApplicationJjSensorDemo | SEMWirelessJjApplicationJjSensorDemoBLESensor | SEMWirelessJjApplicationJjSampleApp | SEMWirelessJjApplicationJjBeacon | SEMWirelessJjApplicationJjVirtualCOMPort
STMicroelectronics.X-CUBE-BLE1.4.4.01.BSP.i2caddr=0
STMicroelectronics.X-CUBE-BLE1.4.4.01.BSP.i2creg=
STMicroelectronics.X-CUBE-BLE1.4.4.01.BSP.instance=USART2
STMicroelectronics.X-CUBE-BLE1.4.4.01.BSP.ip=USART
STMicroelectronics.X-CUBE-BLE1.4.4.01.BSP.mode=Asynchronous
STMicroelectronics.X-CUBE-BLE1.4.4.01.BSP.name=BSP USART
STMicroelectronics.X-CUBE-BLE1.4.4.01.BSP.semaphore=
STMicroelectronics.X-CUBE-BLE1.4.4.01.BSP.solution=USART2
STMicroelectronics.X-CUBE-BLE1.4.4.02.BSP.STBoard=false
STMicroelectronics.X-CUBE-BLE1.4.4.02.BSP.api=BSP_BUS_DRIVER
STMicroelectronics.X-CUBE-BLE1.4.4.02.BSP.component=
STMicroelectronics.X-CUBE-BLE1.4.4.02.BSP.condition=SEMWirelessJjHCIIiTLIiINTERFACEJjUserBoard
STMicroelectronics.X-CUBE-BLE1.4.4.02.BSP.i2caddr=0
STMicroelectronics.X-CUBE-BLE1.4.4.02.BSP.i2creg=
STMicroelectronics.X-CUBE-BLE1.4.4.02.BSP.instance=SPI1
STMicroelectronics.X-CUBE-BLE1.4.4.02.BSP.ip=SPI
STMicroelectronics.X-CUBE-BLE1.4.4.02.BSP.mode=Full-Duplex Master
STMicroelectronics.X-CUBE-BLE1.4.4.02.BSP.name=BUS IO driver
STMicroelectronics.X-CUBE-BLE1.4.4.02.BSP.semaphore=
STMicroelectronics.X-CUBE-BLE1.4.4.02.BSP.solution=SPI1
STMicroelectronics.X-CUBE-BLE1.4.4.03.BSP.STBoard=false
STMicroelectronics.X-CUBE-BLE1.4.4.03.BSP.api=Unknown
STMicroelectronics.X-CUBE-BLE1.4.4.03.BSP.component=
STMicroelectronics.X-CUBE-BLE1.4.4.03.BSP.condition=SEMWirelessJjHCIIiTLIiINTERFACEJjUserBoard
STMicroelectronics.X-CUBE-BLE1.4.4.03.BSP.i2caddr=0
STMicroelectronics.X-CUBE-BLE1.4.4.03.BSP.i2creg=
STMicroelectronics.X-CUBE-BLE1.4.4.03.BSP.instance=PA4
STMicroelectronics.X-CUBE-BLE1.4.4.03.BSP.ip=GPIO
STMicroelectronics.X-CUBE-BLE1.4.4.03.BSP.mode=Output
STMicroelectronics.X-CUBE-BLE1.4.4.03.BSP.name=CS Line
STMicroelectronics.X-CUBE-BLE1.4.4.03.BSP.semaphore=
STMicroelectronics.X-CUBE-BLE1.4.4.03.BSP.solution=PA4
STMicroelectronics.X-CUBE-BLE1.4.4.04.BSP.STBoard=false
STMicroelectronics.X-CUBE-BLE1.4.4.04.BSP.api=Unknown
STMicroelectronics.X-CUBE-BLE1.4.4.04.BSP.component=
STMicroelectronics.X-CUBE-BLE1.4.4.04.BSP.condition=SEMWirelessJjHCIIiTLIiINTERFACEJjUserBoard
STMicroelectronics.X-CUBE-BLE1.4.4.04.BSP.i2caddr=0
STMicroelectronics.X-CUBE-BLE1.4.4.04.BSP.i2creg=
STMicroelectronics.X-CUBE-BLE1.4.4.04.BSP.instance=PA3
STMicroelectronics.X-CUBE-BLE1.4.4.04.BSP.ip=GPIO
STMicroelectronics.X-CUBE-BLE1.4.4.04.BSP.mode=Output
STMicroelectronics.X-CUBE-BLE1.4.4.04.BSP.name=Reset Line
STMicroelectronics.X-CUBE-BLE1.4.4.04.BSP.semaphore=
STMicroelectronics.X-CUBE-BLE1.4.4.04.BSP.solution=PA3
STMicroelectronics.X-CUBE-BLE1.4.4.0_MwName0=Application
STMicroelectronics.X-CUBE-BLE1.4.4.0_MwName1=BlueNRG-MS
STMicroelectronics.X-CUBE-BLE1.4.4.0_NumberOfMw=2
STMicroelectronics.X-CUBE-BLE1.4.4.0_SwParameter=BlueNRGAaMSCcWirelessJjHCIIiTL\:Basic;BlueNRGAaMSCcWirelessJjUtils\:true;BlueNRGAaMSCcWirelessJjHCIIiTLIiINTERFACE\:UserBoard;ApplicationCcWirelessJjApplication\:VirtualCOMPort;BlueNRGAaMSCcWirelessJjController\:true;
STMicroelectronics.X-CUBE-BLE1.4.4.0_WirelessJjApplication_RteComponent0=\#define VIRTUAL_COM_PORT
STMicroelectronics.X-CUBE-BLE1.4.4.0_WirelessJjApplication_RteComponentsize=1
STMicroelectronics.X-CUBE-BLE1.4.4.0_WirelessJjBlueNRGAaMS_RteComponent0=\#define HCI_TL
STMicroelectronics.X-CUBE-BLE1.4.4.0_WirelessJjBlueNRGAaMS_RteComponent1=\#define HCI_TL_INTERFACE
STMicroelectronics.X-CUBE-BLE1.4.4.0_WirelessJjBlueNRGAaMS_RteComponentsize=2
STMicroelectronics.X-CUBE-BLE1.4.4.0_description=BLE stack and sample applications for BlueNRG-MS module
STMicroelectronics.X-CUBE-BLE1.4.4.0_license=en.DM00367782.pdf
USART2.IPParameters=VirtualMode-Asynchronous
USART2.VirtualMode-Asynchronous=VM_ASYNC
VP_STMicroelectronics.X-CUBE-BLE1_VS_WirelessJjApplication_4.4.0.Mode=WirelessJjApplication
VP_STMicroelectronics.X-CUBE-BLE1_VS_WirelessJjApplication_4.4.0.Signal=STMicroelectronics.X-CUBE-BLE1_VS_WirelessJjApplication_4.4.0
VP_STMicroelectronics.X-CUBE-BLE1_VS_WirelessJjBlueNRGAaMS_4.4.0.Mode=WirelessJjBlueNRGAaMS
VP_STMicroelectronics.X-CUBE-BLE1_VS_WirelessJjBlueNRGAaMS_4.4.0.Signal=STMicroelectronics.X-CUBE-BLE1_VS_WirelessJjBlueNRGAaMS_4.4.0
VP_SYS_VS_Systick.Mode=SysTick
VP_SYS_VS_Systick.Signal=SYS_VS_Systick
board=NUCLEO-F303K8
boardIOC=true
